// !$*UTF8*$!
{
	archiveVersion = 1;
	classes = {
	};
	objectVersion = 50;
	objects = {

/* Begin PBXBuildFile section */
		18E0F5B12118A2D2006EE2B8 /* AppDelegate.swift in Sources */ = {isa = PBXBuildFile; fileRef = 18E0F5B02118A2D2006EE2B8 /* AppDelegate.swift */; };
		18E0F5B32118A2D2006EE2B8 /* ViewController.swift in Sources */ = {isa = PBXBuildFile; fileRef = 18E0F5B22118A2D2006EE2B8 /* ViewController.swift */; };
		18E0F5B62118A2D2006EE2B8 /* Main.storyboard in Resources */ = {isa = PBXBuildFile; fileRef = 18E0F5B42118A2D2006EE2B8 /* Main.storyboard */; };
		18E0F5B82118A2D4006EE2B8 /* Assets.xcassets in Resources */ = {isa = PBXBuildFile; fileRef = 18E0F5B72118A2D4006EE2B8 /* Assets.xcassets */; };
		18E0F5BB2118A2D4006EE2B8 /* LaunchScreen.storyboard in Resources */ = {isa = PBXBuildFile; fileRef = 18E0F5B92118A2D4006EE2B8 /* LaunchScreen.storyboard */; };
		18E0F5C62118A2D4006EE2B8 /* GBSliderButtonTests.swift in Sources */ = {isa = PBXBuildFile; fileRef = 18E0F5C52118A2D4006EE2B8 /* GBSliderButtonTests.swift */; };
		18E0F5D12118A2D4006EE2B8 /* GBSliderButtonUITests.swift in Sources */ = {isa = PBXBuildFile; fileRef = 18E0F5D02118A2D4006EE2B8 /* GBSliderButtonUITests.swift */; };
		18E0F5DF2118AA5E006EE2B8 /* GBSliderView.swift in Sources */ = {isa = PBXBuildFile; fileRef = 18E0F5DE2118AA5E006EE2B8 /* GBSliderView.swift */; };
/* End PBXBuildFile section */

/* Begin PBXContainerItemProxy section */
		18E0F5C22118A2D4006EE2B8 /* PBXContainerItemProxy */ = {
			isa = PBXContainerItemProxy;
			containerPortal = 18E0F5A52118A2D2006EE2B8 /* Project object */;
			proxyType = 1;
			remoteGlobalIDString = 18E0F5AC2118A2D2006EE2B8;
			remoteInfo = GBSliderButton;
		};
		18E0F5CD2118A2D4006EE2B8 /* PBXContainerItemProxy */ = {
			isa = PBXContainerItemProxy;
			containerPortal = 18E0F5A52118A2D2006EE2B8 /* Project object */;
			proxyType = 1;
			remoteGlobalIDString = 18E0F5AC2118A2D2006EE2B8;
			remoteInfo = GBSliderButton;
		};
/* End PBXContainerItemProxy section */

/* Begin PBXFileReference section */
		18E0F5AD2118A2D2006EE2B8 /* GBSliderButton.app */ = {isa = PBXFileReference; explicitFileType = wrapper.application; includeInIndex = 0; path = GBSliderButton.app; sourceTree = BUILT_PRODUCTS_DIR; };
		18E0F5B02118A2D2006EE2B8 /* AppDelegate.swift */ = {isa = PBXFileReference; lastKnownFileType = sourcecode.swift; path = AppDelegate.swift; sourceTree = "<group>"; };
		18E0F5B22118A2D2006EE2B8 /* ViewController.swift */ = {isa = PBXFileReference; lastKnownFileType = sourcecode.swift; path = ViewController.swift; sourceTree = "<group>"; };
		18E0F5B52118A2D2006EE2B8 /* Base */ = {isa = PBXFileReference; lastKnownFileType = file.storyboard; name = Base; path = Base.lproj/Main.storyboard; sourceTree = "<group>"; };
		18E0F5B72118A2D4006EE2B8 /* Assets.xcassets */ = {isa = PBXFileReference; lastKnownFileType = folder.assetcatalog; path = Assets.xcassets; sourceTree = "<group>"; };
		18E0F5BA2118A2D4006EE2B8 /* Base */ = {isa = PBXFileReference; lastKnownFileType = file.storyboard; name = Base; path = Base.lproj/LaunchScreen.storyboard; sourceTree = "<group>"; };
		18E0F5BC2118A2D4006EE2B8 /* Info.plist */ = {isa = PBXFileReference; lastKnownFileType = text.plist.xml; path = Info.plist; sourceTree = "<group>"; };
		18E0F5C12118A2D4006EE2B8 /* GBSliderButtonTests.xctest */ = {isa = PBXFileReference; explicitFileType = wrapper.cfbundle; includeInIndex = 0; path = GBSliderButtonTests.xctest; sourceTree = BUILT_PRODUCTS_DIR; };
		18E0F5C52118A2D4006EE2B8 /* GBSliderButtonTests.swift */ = {isa = PBXFileReference; lastKnownFileType = sourcecode.swift; path = GBSliderButtonTests.swift; sourceTree = "<group>"; };
		18E0F5C72118A2D4006EE2B8 /* Info.plist */ = {isa = PBXFileReference; lastKnownFileType = text.plist.xml; path = Info.plist; sourceTree = "<group>"; };
		18E0F5CC2118A2D4006EE2B8 /* GBSliderButtonUITests.xctest */ = {isa = PBXFileReference; explicitFileType = wrapper.cfbundle; includeInIndex = 0; path = GBSliderButtonUITests.xctest; sourceTree = BUILT_PRODUCTS_DIR; };
		18E0F5D02118A2D4006EE2B8 /* GBSliderButtonUITests.swift */ = {isa = PBXFileReference; lastKnownFileType = sourcecode.swift; path = GBSliderButtonUITests.swift; sourceTree = "<group>"; };
		18E0F5D22118A2D4006EE2B8 /* Info.plist */ = {isa = PBXFileReference; lastKnownFileType = text.plist.xml; path = Info.plist; sourceTree = "<group>"; };
		18E0F5DE2118AA5E006EE2B8 /* GBSliderView.swift */ = {isa = PBXFileReference; lastKnownFileType = sourcecode.swift; path = GBSliderView.swift; sourceTree = "<group>"; };
/* End PBXFileReference section */

/* Begin PBXFrameworksBuildPhase section */
		18E0F5AA2118A2D2006EE2B8 /* Frameworks */ = {
			isa = PBXFrameworksBuildPhase;
			buildActionMask = 2147483647;
			files = (
			);
			runOnlyForDeploymentPostprocessing = 0;
		};
		18E0F5BE2118A2D4006EE2B8 /* Frameworks */ = {
			isa = PBXFrameworksBuildPhase;
			buildActionMask = 2147483647;
			files = (
			);
			runOnlyForDeploymentPostprocessing = 0;
		};
		18E0F5C92118A2D4006EE2B8 /* Frameworks */ = {
			isa = PBXFrameworksBuildPhase;
			buildActionMask = 2147483647;
			files = (
			);
			runOnlyForDeploymentPostprocessing = 0;
		};
/* End PBXFrameworksBuildPhase section */

/* Begin PBXGroup section */
		18E0F5A42118A2D2006EE2B8 = {
			isa = PBXGroup;
			children = (
				18E0F5AF2118A2D2006EE2B8 /* GBSliderButton */,
				18E0F5C42118A2D4006EE2B8 /* GBSliderButtonTests */,
				18E0F5CF2118A2D4006EE2B8 /* GBSliderButtonUITests */,
				18E0F5AE2118A2D2006EE2B8 /* Products */,
			);
			sourceTree = "<group>";
		};
		18E0F5AE2118A2D2006EE2B8 /* Products */ = {
			isa = PBXGroup;
			children = (
				18E0F5AD2118A2D2006EE2B8 /* GBSliderButton.app */,
				18E0F5C12118A2D4006EE2B8 /* GBSliderButtonTests.xctest */,
				18E0F5CC2118A2D4006EE2B8 /* GBSliderButtonUITests.xctest */,
			);
			name = Products;
			sourceTree = "<group>";
		};
		18E0F5AF2118A2D2006EE2B8 /* GBSliderButton */ = {
			isa = PBXGroup;
			children = (
				18E0F5B02118A2D2006EE2B8 /* AppDelegate.swift */,
				18E0F5B22118A2D2006EE2B8 /* ViewController.swift */,
				18E0F5B42118A2D2006EE2B8 /* Main.storyboard */,
				18E0F5B72118A2D4006EE2B8 /* Assets.xcassets */,
				18E0F5B92118A2D4006EE2B8 /* LaunchScreen.storyboard */,
				18E0F5BC2118A2D4006EE2B8 /* Info.plist */,
				18E0F5DE2118AA5E006EE2B8 /* GBSliderView.swift */,
			);
			path = GBSliderButton;
			sourceTree = "<group>";
		};
		18E0F5C42118A2D4006EE2B8 /* GBSliderButtonTests */ = {
			isa = PBXGroup;
			children = (
				18E0F5C52118A2D4006EE2B8 /* GBSliderButtonTests.swift */,
				18E0F5C72118A2D4006EE2B8 /* Info.plist */,
			);
			path = GBSliderButtonTests;
			sourceTree = "<group>";
		};
		18E0F5CF2118A2D4006EE2B8 /* GBSliderButtonUITests */ = {
			isa = PBXGroup;
			children = (
				18E0F5D02118A2D4006EE2B8 /* GBSliderButtonUITests.swift */,
				18E0F5D22118A2D4006EE2B8 /* Info.plist */,
			);
			path = GBSliderButtonUITests;
			sourceTree = "<group>";
		};
/* End PBXGroup section */

/* Begin PBXNativeTarget section */
		18E0F5AC2118A2D2006EE2B8 /* GBSliderButton */ = {
			isa = PBXNativeTarget;
			buildConfigurationList = 18E0F5D52118A2D4006EE2B8 /* Build configuration list for PBXNativeTarget "GBSliderButton" */;
			buildPhases = (
				18E0F5A92118A2D2006EE2B8 /* Sources */,
				18E0F5AA2118A2D2006EE2B8 /* Frameworks */,
				18E0F5AB2118A2D2006EE2B8 /* Resources */,
			);
			buildRules = (
			);
			dependencies = (
			);
			name = GBSliderButton;
			productName = GBSliderButton;
			productReference = 18E0F5AD2118A2D2006EE2B8 /* GBSliderButton.app */;
			productType = "com.apple.product-type.application";
		};
		18E0F5C02118A2D4006EE2B8 /* GBSliderButtonTests */ = {
			isa = PBXNativeTarget;
			buildConfigurationList = 18E0F5D82118A2D4006EE2B8 /* Build configuration list for PBXNativeTarget "GBSliderButtonTests" */;
			buildPhases = (
				18E0F5BD2118A2D4006EE2B8 /* Sources */,
				18E0F5BE2118A2D4006EE2B8 /* Frameworks */,
				18E0F5BF2118A2D4006EE2B8 /* Resources */,
			);
			buildRules = (
			);
			dependencies = (
				18E0F5C32118A2D4006EE2B8 /* PBXTargetDependency */,
			);
			name = GBSliderButtonTests;
			productName = GBSliderButtonTests;
			productReference = 18E0F5C12118A2D4006EE2B8 /* GBSliderButtonTests.xctest */;
			productType = "com.apple.product-type.bundle.unit-test";
		};
		18E0F5CB2118A2D4006EE2B8 /* GBSliderButtonUITests */ = {
			isa = PBXNativeTarget;
			buildConfigurationList = 18E0F5DB2118A2D4006EE2B8 /* Build configuration list for PBXNativeTarget "GBSliderButtonUITests" */;
			buildPhases = (
				18E0F5C82118A2D4006EE2B8 /* Sources */,
				18E0F5C92118A2D4006EE2B8 /* Frameworks */,
				18E0F5CA2118A2D4006EE2B8 /* Resources */,
			);
			buildRules = (
			);
			dependencies = (
				18E0F5CE2118A2D4006EE2B8 /* PBXTargetDependency */,
			);
			name = GBSliderButtonUITests;
			productName = GBSliderButtonUITests;
			productReference = 18E0F5CC2118A2D4006EE2B8 /* GBSliderButtonUITests.xctest */;
			productType = "com.apple.product-type.bundle.ui-testing";
		};
/* End PBXNativeTarget section */

/* Begin PBXProject section */
		18E0F5A52118A2D2006EE2B8 /* Project object */ = {
			isa = PBXProject;
			attributes = {
				LastSwiftUpdateCheck = 1000;
				LastUpgradeCheck = 1000;
				ORGANIZATIONNAME = Batth;
				TargetAttributes = {
					18E0F5AC2118A2D2006EE2B8 = {
						CreatedOnToolsVersion = 10.0;
					};
					18E0F5C02118A2D4006EE2B8 = {
						CreatedOnToolsVersion = 10.0;
						TestTargetID = 18E0F5AC2118A2D2006EE2B8;
					};
					18E0F5CB2118A2D4006EE2B8 = {
						CreatedOnToolsVersion = 10.0;
						TestTargetID = 18E0F5AC2118A2D2006EE2B8;
					};
				};
			};
			buildConfigurationList = 18E0F5A82118A2D2006EE2B8 /* Build configuration list for PBXProject "GBSliderButton" */;
			compatibilityVersion = "Xcode 9.3";
			developmentRegion = en;
			hasScannedForEncodings = 0;
			knownRegions = (
				en,
				Base,
			);
			mainGroup = 18E0F5A42118A2D2006EE2B8;
			productRefGroup = 18E0F5AE2118A2D2006EE2B8 /* Products */;
			projectDirPath = "";
			projectRoot = "";
			targets = (
				18E0F5AC2118A2D2006EE2B8 /* GBSliderButton */,
				18E0F5C02118A2D4006EE2B8 /* GBSliderButtonTests */,
				18E0F5CB2118A2D4006EE2B8 /* GBSliderButtonUITests */,
			);
		};
/* End PBXProject section */

/* Begin PBXResourcesBuildPhase section */
		18E0F5AB2118A2D2006EE2B8 /* Resources */ = {
			isa = PBXResourcesBuildPhase;
			buildActionMask = 2147483647;
			files = (
				18E0F5BB2118A2D4006EE2B8 /* LaunchScreen.storyboard in Resources */,
				18E0F5B82118A2D4006EE2B8 /* Assets.xcassets in Resources */,
				18E0F5B62118A2D2006EE2B8 /* Main.storyboard in Resources */,
			);
			runOnlyForDeploymentPostprocessing = 0;
		};
		18E0F5BF2118A2D4006EE2B8 /* Resources */ = {
			isa = PBXResourcesBuildPhase;
			buildActionMask = 2147483647;
			files = (
			);
			runOnlyForDeploymentPostprocessing = 0;
		};
		18E0F5CA2118A2D4006EE2B8 /* Resources */ = {
			isa = PBXResourcesBuildPhase;
			buildActionMask = 2147483647;
			files = (
			);
			runOnlyForDeploymentPostprocessing = 0;
		};
/* End PBXResourcesBuildPhase section */

/* Begin PBXSourcesBuildPhase section */
		18E0F5A92118A2D2006EE2B8 /* Sources */ = {
			isa = PBXSourcesBuildPhase;
			buildActionMask = 2147483647;
			files = (
				18E0F5B32118A2D2006EE2B8 /* ViewController.swift in Sources */,
				18E0F5DF2118AA5E006EE2B8 /* GBSliderView.swift in Sources */,
				18E0F5B12118A2D2006EE2B8 /* AppDelegate.swift in Sources */,
			);
			runOnlyForDeploymentPostprocessing = 0;
		};
		18E0F5BD2118A2D4006EE2B8 /* Sources */ = {
			isa = PBXSourcesBuildPhase;
			buildActionMask = 2147483647;
			files = (
				18E0F5C62118A2D4006EE2B8 /* GBSliderButtonTests.swift in Sources */,
			);
			runOnlyForDeploymentPostprocessing = 0;
		};
		18E0F5C82118A2D4006EE2B8 /* Sources */ = {
			isa = PBXSourcesBuildPhase;
			buildActionMask = 2147483647;
			files = (
				18E0F5D12118A2D4006EE2B8 /* GBSliderButtonUITests.swift in Sources */,
			);
			runOnlyForDeploymentPostprocessing = 0;
		};
/* End PBXSourcesBuildPhase section */

/* Begin PBXTargetDependency section */
		18E0F5C32118A2D4006EE2B8 /* PBXTargetDependency */ = {
			isa = PBXTargetDependency;
			target = 18E0F5AC2118A2D2006EE2B8 /* GBSliderButton */;
			targetProxy = 18E0F5C22118A2D4006EE2B8 /* PBXContainerItemProxy */;
		};
		18E0F5CE2118A2D4006EE2B8 /* PBXTargetDependency */ = {
			isa = PBXTargetDependency;
			target = 18E0F5AC2118A2D2006EE2B8 /* GBSliderButton */;
			targetProxy = 18E0F5CD2118A2D4006EE2B8 /* PBXContainerItemProxy */;
		};
/* End PBXTargetDependency section */

/* Begin PBXVariantGroup section */
		18E0F5B42118A2D2006EE2B8 /* Main.storyboard */ = {
			isa = PBXVariantGroup;
			children = (
				18E0F5B52118A2D2006EE2B8 /* Base */,
			);
			name = Main.storyboard;
			sourceTree = "<group>";
		};
		18E0F5B92118A2D4006EE2B8 /* LaunchScreen.storyboard */ = {
			isa = PBXVariantGroup;
			children = (
				18E0F5BA2118A2D4006EE2B8 /* Base */,
			);
			name = LaunchScreen.storyboard;
			sourceTree = "<group>";
		};
/* End PBXVariantGroup section */

/* Begin XCBuildConfiguration section */
		18E0F5D32118A2D4006EE2B8 /* Debug */ = {
			isa = XCBuildConfiguration;
			buildSettings = {
				ALWAYS_SEARCH_USER_PATHS = NO;
				CLANG_ANALYZER_NONNULL = YES;
				CLANG_ANALYZER_NUMBER_OBJECT_CONVERSION = YES_AGGRESSIVE;
				CLANG_CXX_LANGUAGE_STANDARD = "gnu++14";
				CLANG_CXX_LIBRARY = "libc++";
				CLANG_ENABLE_MODULES = YES;
				CLANG_ENABLE_OBJC_ARC = YES;
				CLANG_ENABLE_OBJC_WEAK = YES;
				CLANG_WARN_BLOCK_CAPTURE_AUTORELEASING = YES;
				CLANG_WARN_BOOL_CONVERSION = YES;
				CLANG_WARN_COMMA = YES;
				CLANG_WARN_CONSTANT_CONVERSION = YES;
				CLANG_WARN_DEPRECATED_OBJC_IMPLEMENTATIONS = YES;
				CLANG_WARN_DIRECT_OBJC_ISA_USAGE = YES_ERROR;
				CLANG_WARN_DOCUMENTATION_COMMENTS = YES;
				CLANG_WARN_EMPTY_BODY = YES;
				CLANG_WARN_ENUM_CONVERSION = YES;
				CLANG_WARN_INFINITE_RECURSION = YES;
				CLANG_WARN_INT_CONVERSION = YES;
				CLANG_WARN_NON_LITERAL_NULL_CONVERSION = YES;
				CLANG_WARN_OBJC_IMPLICIT_RETAIN_SELF = YES;
				CLANG_WARN_OBJC_LITERAL_CONVERSION = YES;
				CLANG_WARN_OBJC_ROOT_CLASS = YES_ERROR;
				CLANG_WARN_RANGE_LOOP_ANALYSIS = YES;
				CLANG_WARN_STRICT_PROTOTYPES = YES;
				CLANG_WARN_SUSPICIOUS_MOVE = YES;
				CLANG_WARN_UNGUARDED_AVAILABILITY = YES_AGGRESSIVE;
				CLANG_WARN_UNREACHABLE_CODE = YES;
				CLANG_WARN__DUPLICATE_METHOD_MATCH = YES;
				CODE_SIGN_IDENTITY = "iPhone Developer";
				COPY_PHASE_STRIP = NO;
				DEBUG_INFORMATION_FORMAT = dwarf;
				ENABLE_STRICT_OBJC_MSGSEND = YES;
				ENABLE_TESTABILITY = YES;
				GCC_C_LANGUAGE_STANDARD = gnu11;
				GCC_DYNAMIC_NO_PIC = NO;
				GCC_NO_COMMON_BLOCKS = YES;
				GCC_OPTIMIZATION_LEVEL = 0;
				GCC_PREPROCESSOR_DEFINITIONS = (
					"DEBUG=1",
					"$(inherited)",
				);
				GCC_WARN_64_TO_32_BIT_CONVERSION = YES;
				GCC_WARN_ABOUT_RETURN_TYPE = YES_ERROR;
				GCC_WARN_UNDECLARED_SELECTOR = YES;
				GCC_WARN_UNINITIALIZED_AUTOS = YES_AGGRESSIVE;
				GCC_WARN_UNUSED_FUNCTION = YES;
				GCC_WARN_UNUSED_VARIABLE = YES;
				IPHONEOS_DEPLOYMENT_TARGET = 12.0;
				MTL_ENABLE_DEBUG_INFO = INCLUDE_SOURCE;
				MTL_FAST_MATH = YES;
				ONLY_ACTIVE_ARCH = YES;
				SDKROOT = iphoneos;
				SWIFT_ACTIVE_COMPILATION_CONDITIONS = DEBUG;
				SWIFT_OPTIMIZATION_LEVEL = "-Onone";
			};
			name = Debug;
		};
		18E0F5D42118A2D4006EE2B8 /* Release */ = {
			isa = XCBuildConfiguration;
			buildSettings = {
				ALWAYS_SEARCH_USER_PATHS = NO;
				CLANG_ANALYZER_NONNULL = YES;
				CLANG_ANALYZER_NUMBER_OBJECT_CONVERSION = YES_AGGRESSIVE;
				CLANG_CXX_LANGUAGE_STANDARD = "gnu++14";
				CLANG_CXX_LIBRARY = "libc++";
				CLANG_ENABLE_MODULES = YES;
				CLANG_ENABLE_OBJC_ARC = YES;
				CLANG_ENABLE_OBJC_WEAK = YES;
				CLANG_WARN_BLOCK_CAPTURE_AUTORELEASING = YES;
				CLANG_WARN_BOOL_CONVERSION = YES;
				CLANG_WARN_COMMA = YES;
				CLANG_WARN_CONSTANT_CONVERSION = YES;
				CLANG_WARN_DEPRECATED_OBJC_IMPLEMENTATIONS = YES;
				CLANG_WARN_DIRECT_OBJC_ISA_USAGE = YES_ERROR;
				CLANG_WARN_DOCUMENTATION_COMMENTS = YES;
				CLANG_WARN_EMPTY_BODY = YES;
				CLANG_WARN_ENUM_CONVERSION = YES;
				CLANG_WARN_INFINITE_RECURSION = YES;
				CLANG_WARN_INT_CONVERSION = YES;
				CLANG_WARN_NON_LITERAL_NULL_CONVERSION = YES;
				CLANG_WARN_OBJC_IMPLICIT_RETAIN_SELF = YES;
				CLANG_WARN_OBJC_LITERAL_CONVERSION = YES;
				CLANG_WARN_OBJC_ROOT_CLASS = YES_ERROR;
				CLANG_WARN_RANGE_LOOP_ANALYSIS = YES;
				CLANG_WARN_STRICT_PROTOTYPES = YES;
				CLANG_WARN_SUSPICIOUS_MOVE = YES;
				CLANG_WARN_UNGUARDED_AVAILABILITY = YES_AGGRESSIVE;
				CLANG_WARN_UNREACHABLE_CODE = YES;
				CLANG_WARN__DUPLICATE_METHOD_MATCH = YES;
				CODE_SIGN_IDENTITY = "iPhone Developer";
				COPY_PHASE_STRIP = NO;
				DEBUG_INFORMATION_FORMAT = "dwarf-with-dsym";
				ENABLE_NS_ASSERTIONS = NO;
				ENABLE_STRICT_OBJC_MSGSEND = YES;
				GCC_C_LANGUAGE_STANDARD = gnu11;
				GCC_NO_COMMON_BLOCKS = YES;
				GCC_WARN_64_TO_32_BIT_CONVERSION = YES;
				GCC_WARN_ABOUT_RETURN_TYPE = YES_ERROR;
				GCC_WARN_UNDECLARED_SELECTOR = YES;
				GCC_WARN_UNINITIALIZED_AUTOS = YES_AGGRESSIVE;
				GCC_WARN_UNUSED_FUNCTION = YES;
				GCC_WARN_UNUSED_VARIABLE = YES;
				IPHONEOS_DEPLOYMENT_TARGET = 12.0;
				MTL_ENABLE_DEBUG_INFO = NO;
				MTL_FAST_MATH = YES;
				SDKROOT = iphoneos;
				SWIFT_COMPILATION_MODE = wholemodule;
				SWIFT_OPTIMIZATION_LEVEL = "-O";
				VALIDATE_PRODUCT = YES;
			};
			name = Release;
		};
		18E0F5D62118A2D4006EE2B8 /* Debug */ = {
			isa = XCBuildConfiguration;
			buildSettings = {
				ASSETCATALOG_COMPILER_APPICON_NAME = AppIcon;
				CODE_SIGN_STYLE = Automatic;
				INFOPLIST_FILE = GBSliderButton/Info.plist;
				LD_RUNPATH_SEARCH_PATHS = (
					"$(inherited)",
					"@executable_path/Frameworks",
				);
				PRODUCT_BUNDLE_IDENTIFIER = com.batth.GBSliderButton;
				PRODUCT_NAME = "$(TARGET_NAME)";
				SWIFT_VERSION = 4.2;
				TARGETED_DEVICE_FAMILY = "1,2";
			};
			name = Debug;
		};
		18E0F5D72118A2D4006EE2B8 /* Release */ = {
			isa = XCBuildConfiguration;
			buildSettings = {
				ASSETCATALOG_COMPILER_APPICON_NAME = AppIcon;
				CODE_SIGN_STYLE = Automatic;
				INFOPLIST_FILE = GBSliderButton/Info.plist;
				LD_RUNPATH_SEARCH_PATHS = (
					"$(inherited)",
					"@executable_path/Frameworks",
				);
				PRODUCT_BUNDLE_IDENTIFIER = com.batth.GBSliderButton;
				PRODUCT_NAME = "$(TARGET_NAME)";
				SWIFT_VERSION = 4.2;
				TARGETED_DEVICE_FAMILY = "1,2";
			};
			name = Release;
		};
		18E0F5D92118A2D4006EE2B8 /* Debug */ = {
			isa = XCBuildConfiguration;
			buildSettings = {
				ALWAYS_EMBED_SWIFT_STANDARD_LIBRARIES = YES;
				BUNDLE_LOADER = "$(TEST_HOST)";
				CODE_SIGN_STYLE = Automatic;
				INFOPLIST_FILE = GBSliderButtonTests/Info.plist;
				LD_RUNPATH_SEARCH_PATHS = (
					"$(inherited)",
					"@executable_path/Frameworks",
					"@loader_path/Frameworks",
				);
				PRODUCT_BUNDLE_IDENTIFIER = com.batth.GBSliderButtonTests;
				PRODUCT_NAME = "$(TARGET_NAME)";
				SWIFT_VERSION = 4.2;
				TARGETED_DEVICE_FAMILY = "1,2";
				TEST_HOST = "$(BUILT_PRODUCTS_DIR)/GBSliderButton.app/GBSliderButton";
			};
			name = Debug;
		};
		18E0F5DA2118A2D4006EE2B8 /* Release */ = {
			isa = XCBuildConfiguration;
			buildSettings = {
				ALWAYS_EMBED_SWIFT_STANDARD_LIBRARIES = YES;
				BUNDLE_LOADER = "$(TEST_HOST)";
				CODE_SIGN_STYLE = Automatic;
				INFOPLIST_FILE = GBSliderButtonTests/Info.plist;
				LD_RUNPATH_SEARCH_PATHS = (
					"$(inherited)",
					"@executable_path/Frameworks",
					"@loader_path/Frameworks",
				);
				PRODUCT_BUNDLE_IDENTIFIER = com.batth.GBSliderButtonTests;
				PRODUCT_NAME = "$(TARGET_NAME)";
				SWIFT_VERSION = 4.2;
				TARGETED_DEVICE_FAMILY = "1,2";
				TEST_HOST = "$(BUILT_PRODUCTS_DIR)/GBSliderButton.app/GBSliderButton";
			};
			name = Release;
		};
		18E0F5DC2118A2D4006EE2B8 /* Debug */ = {
			isa = XCBuildConfiguration;
			buildSettings = {
				ALWAYS_EMBED_SWIFT_STANDARD_LIBRARIES = YES;
				CODE_SIGN_STYLE = Automatic;
				INFOPLIST_FILE = GBSliderButtonUITests/Info.plist;
				LD_RUNPATH_SEARCH_PATHS = (
					"$(inherited)",
					"@executable_path/Frameworks",
					"@loader_path/Frameworks",
				);
				PRODUCT_BUNDLE_IDENTIFIER = com.batth.GBSliderButtonUITests;
				PRODUCT_NAME = "$(TARGET_NAME)";
				SWIFT_VERSION = 4.2;
				TARGETED_DEVICE_FAMILY = "1,2";
				TEST_TARGET_NAME = GBSliderButton;
			};
			name = Debug;
		};
		18E0F5DD2118A2D4006EE2B8 /* Release */ = {
			isa = XCBuildConfiguration;
			buildSettings = {
				ALWAYS_EMBED_SWIFT_STANDARD_LIBRARIES = YES;
				CODE_SIGN_STYLE = Automatic;
				INFOPLIST_FILE = GBSliderButtonUITests/Info.plist;
				LD_RUNPATH_SEARCH_PATHS = (
					"$(inherited)",
					"@executable_path/Frameworks",
					"@loader_path/Frameworks",
				);
				PRODUCT_BUNDLE_IDENTIFIER = com.batth.GBSliderButtonUITests;
				PRODUCT_NAME = "$(TARGET_NAME)";
				SWIFT_VERSION = 4.2;
				TARGETED_DEVICE_FAMILY = "1,2";
				TEST_TARGET_NAME = GBSliderButton;
			};
			name = Release;
		};
/* End XCBuildConfiguration section */

/* Begin XCConfigurationList section */
		18E0F5A82118A2D2006EE2B8 /* Build configuration list for PBXProject "GBSliderButton" */ = {
			isa = XCConfigurationList;
			buildConfigurations = (
				18E0F5D32118A2D4006EE2B8 /* Debug */,
				18E0F5D42118A2D4006EE2B8 /* Release */,
			);
			defaultConfigurationIsVisible = 0;
			defaultConfigurationName = Release;
		};
		18E0F5D52118A2D4006EE2B8 /* Build configuration list for PBXNativeTarget "GBSliderButton" */ = {
			isa = XCConfigurationList;
			buildConfigurations = (
				18E0F5D62118A2D4006EE2B8 /* Debug */,
				18E0F5D72118A2D4006EE2B8 /* Release */,
			);
			defaultConfigurationIsVisible = 0;
			defaultConfigurationName = Release;
		};
		18E0F5D82118A2D4006EE2B8 /* Build configuration list for PBXNativeTarget "GBSliderButtonTests" */ = {
			isa = XCConfigurationList;
			buildConfigurations = (
				18E0F5D92118A2D4006EE2B8 /* Debug */,
				18E0F5DA2118A2D4006EE2B8 /* Release */,
			);
			defaultConfigurationIsVisible = 0;
			defaultConfigurationName = Release;
		};
		18E0F5DB2118A2D4006EE2B8 /* Build configuration list for PBXNativeTarget "GBSliderButtonUITests" */ = {
			isa = XCConfigurationList;
			buildConfigurations = (
				18E0F5DC2118A2D4006EE2B8 /* Debug */,
				18E0F5DD2118A2D4006EE2B8 /* Release */,
			);
			defaultConfigurationIsVisible = 0;
			defaultConfigurationName = Release;
		};
/* End XCConfigurationList section */
	};
	rootObject = 18E0F5A52118A2D2006EE2B8 /* Project object */;
}
